// !$*UTF8*$!
{
	archiveVersion = 1;
	classes = {
	};
	objectVersion = 46;
	objects = {

/* Begin PBXBuildFile section */
		F43B2D851A6CFA800088B707 /* AppDelegate.swift in Sources */ = {isa = PBXBuildFile; fileRef = F43B2D841A6CFA800088B707 /* AppDelegate.swift */; };
		F43B2D871A6CFA800088B707 /* ViewController.swift in Sources */ = {isa = PBXBuildFile; fileRef = F43B2D861A6CFA800088B707 /* ViewController.swift */; };
		F43B2D8A1A6CFA800088B707 /* Main.storyboard in Resources */ = {isa = PBXBuildFile; fileRef = F43B2D881A6CFA800088B707 /* Main.storyboard */; };
		F43B2D8C1A6CFA800088B707 /* Images.xcassets in Resources */ = {isa = PBXBuildFile; fileRef = F43B2D8B1A6CFA800088B707 /* Images.xcassets */; };
		F43B2D8F1A6CFA800088B707 /* LaunchScreen.xib in Resources */ = {isa = PBXBuildFile; fileRef = F43B2D8D1A6CFA800088B707 /* LaunchScreen.xib */; };
		F43B2D9B1A6CFA800088B707 /* DoodleFunTests.swift in Sources */ = {isa = PBXBuildFile; fileRef = F43B2D9A1A6CFA800088B707 /* DoodleFunTests.swift */; };
/* End PBXBuildFile section */

/* Begin PBXContainerItemProxy section */
		F43B2D951A6CFA800088B707 /* PBXContainerItemProxy */ = {
			isa = PBXContainerItemProxy;
			containerPortal = F43B2D771A6CFA7F0088B707 /* Project object */;
			proxyType = 1;
			remoteGlobalIDString = F43B2D7E1A6CFA7F0088B707;
			remoteInfo = DoodleFun;
		};
/* End PBXContainerItemProxy section */

/* Begin PBXFileReference section */
		F43B2D7F1A6CFA800088B707 /* DoodleFun.app */ = {isa = PBXFileReference; explicitFileType = wrapper.application; includeInIndex = 0; path = DoodleFun.app; sourceTree = BUILT_PRODUCTS_DIR; };
		F43B2D831A6CFA800088B707 /* Info.plist */ = {isa = PBXFileReference; lastKnownFileType = text.plist.xml; path = Info.plist; sourceTree = "<group>"; };
		F43B2D841A6CFA800088B707 /* AppDelegate.swift */ = {isa = PBXFileReference; lastKnownFileType = sourcecode.swift; path = AppDelegate.swift; sourceTree = "<group>"; };
		F43B2D861A6CFA800088B707 /* ViewController.swift */ = {isa = PBXFileReference; lastKnownFileType = sourcecode.swift; path = ViewController.swift; sourceTree = "<group>"; };
		F43B2D891A6CFA800088B707 /* Base */ = {isa = PBXFileReference; lastKnownFileType = file.storyboard; name = Base; path = Base.lproj/Main.storyboard; sourceTree = "<group>"; };
		F43B2D8B1A6CFA800088B707 /* Images.xcassets */ = {isa = PBXFileReference; lastKnownFileType = folder.assetcatalog; path = Images.xcassets; sourceTree = "<group>"; };
		F43B2D8E1A6CFA800088B707 /* Base */ = {isa = PBXFileReference; lastKnownFileType = file.xib; name = Base; path = Base.lproj/LaunchScreen.xib; sourceTree = "<group>"; };
		F43B2D941A6CFA800088B707 /* DoodleFunTests.xctest */ = {isa = PBXFileReference; explicitFileType = wrapper.cfbundle; includeInIndex = 0; path = DoodleFunTests.xctest; sourceTree = BUILT_PRODUCTS_DIR; };
		F43B2D991A6CFA800088B707 /* Info.plist */ = {isa = PBXFileReference; lastKnownFileType = text.plist.xml; path = Info.plist; sourceTree = "<group>"; };
		F43B2D9A1A6CFA800088B707 /* DoodleFunTests.swift */ = {isa = PBXFileReference; lastKnownFileType = sourcecode.swift; path = DoodleFunTests.swift; sourceTree = "<group>"; };
/* End PBXFileReference section */

/* Begin PBXFrameworksBuildPhase section */
		F43B2D7C1A6CFA7F0088B707 /* Frameworks */ = {
			isa = PBXFrameworksBuildPhase;
			buildActionMask = 2147483647;
			files = (
			);
			runOnlyForDeploymentPostprocessing = 0;
		};
		F43B2D911A6CFA800088B707 /* Frameworks */ = {
			isa = PBXFrameworksBuildPhase;
			buildActionMask = 2147483647;
			files = (
			);
			runOnlyForDeploymentPostprocessing = 0;
		};
/* End PBXFrameworksBuildPhase section */

/* Begin PBXGroup section */
		F43B2D761A6CFA7F0088B707 = {
			isa = PBXGroup;
			children = (
				F43B2D811A6CFA800088B707 /* DoodleFun */,
				F43B2D971A6CFA800088B707 /* DoodleFunTests */,
				F43B2D801A6CFA800088B707 /* Products */,
			);
			sourceTree = "<group>";
		};
		F43B2D801A6CFA800088B707 /* Products */ = {
			isa = PBXGroup;
			children = (
				F43B2D7F1A6CFA800088B707 /* DoodleFun.app */,
				F43B2D941A6CFA800088B707 /* DoodleFunTests.xctest */,
			);
			name = Products;
			sourceTree = "<group>";
		};
		F43B2D811A6CFA800088B707 /* DoodleFun */ = {
			isa = PBXGroup;
			children = (
				F43B2D841A6CFA800088B707 /* AppDelegate.swift */,
				F43B2D861A6CFA800088B707 /* ViewController.swift */,
				F43B2D881A6CFA800088B707 /* Main.storyboard */,
				F43B2D8B1A6CFA800088B707 /* Images.xcassets */,
				F43B2D8D1A6CFA800088B707 /* LaunchScreen.xib */,
				F43B2D821A6CFA800088B707 /* Supporting Files */,
			);
			path = DoodleFun;
			sourceTree = "<group>";
		};
		F43B2D821A6CFA800088B707 /* Supporting Files */ = {
			isa = PBXGroup;
			children = (
				F43B2D831A6CFA800088B707 /* Info.plist */,
			);
			name = "Supporting Files";
			sourceTree = "<group>";
		};
		F43B2D971A6CFA800088B707 /* DoodleFunTests */ = {
			isa = PBXGroup;
			children = (
				F43B2D9A1A6CFA800088B707 /* DoodleFunTests.swift */,
				F43B2D981A6CFA800088B707 /* Supporting Files */,
			);
			path = DoodleFunTests;
			sourceTree = "<group>";
		};
		F43B2D981A6CFA800088B707 /* Supporting Files */ = {
			isa = PBXGroup;
			children = (
				F43B2D991A6CFA800088B707 /* Info.plist */,
			);
			name = "Supporting Files";
			sourceTree = "<group>";
		};
/* End PBXGroup section */

/* Begin PBXNativeTarget section */
		F43B2D7E1A6CFA7F0088B707 /* DoodleFun */ = {
			isa = PBXNativeTarget;
			buildConfigurationList = F43B2D9E1A6CFA800088B707 /* Build configuration list for PBXNativeTarget "DoodleFun" */;
			buildPhases = (
				F43B2D7B1A6CFA7F0088B707 /* Sources */,
				F43B2D7C1A6CFA7F0088B707 /* Frameworks */,
				F43B2D7D1A6CFA7F0088B707 /* Resources */,
			);
			buildRules = (
			);
			dependencies = (
			);
			name = DoodleFun;
			productName = DoodleFun;
			productReference = F43B2D7F1A6CFA800088B707 /* DoodleFun.app */;
			productType = "com.apple.product-type.application";
		};
		F43B2D931A6CFA800088B707 /* DoodleFunTests */ = {
			isa = PBXNativeTarget;
			buildConfigurationList = F43B2DA11A6CFA800088B707 /* Build configuration list for PBXNativeTarget "DoodleFunTests" */;
			buildPhases = (
				F43B2D901A6CFA800088B707 /* Sources */,
				F43B2D911A6CFA800088B707 /* Frameworks */,
				F43B2D921A6CFA800088B707 /* Resources */,
			);
			buildRules = (
			);
			dependencies = (
				F43B2D961A6CFA800088B707 /* PBXTargetDependency */,
			);
			name = DoodleFunTests;
			productName = DoodleFunTests;
			productReference = F43B2D941A6CFA800088B707 /* DoodleFunTests.xctest */;
			productType = "com.apple.product-type.bundle.unit-test";
		};
/* End PBXNativeTarget section */

/* Begin PBXProject section */
		F43B2D771A6CFA7F0088B707 /* Project object */ = {
			isa = PBXProject;
			attributes = {
				LastSwiftUpdateCheck = 0700;
				LastUpgradeCheck = 0700;
				ORGANIZATIONNAME = AppCoda;
				TargetAttributes = {
					F43B2D7E1A6CFA7F0088B707 = {
						CreatedOnToolsVersion = 6.1.1;
						DevelopmentTeam = BEWFY96YTG;
						LastSwiftMigration = 0800;
					};
					F43B2D931A6CFA800088B707 = {
						CreatedOnToolsVersion = 6.1.1;
						LastSwiftMigration = 0800;
						TestTargetID = F43B2D7E1A6CFA7F0088B707;
					};
				};
			};
			buildConfigurationList = F43B2D7A1A6CFA7F0088B707 /* Build configuration list for PBXProject "DoodleFun" */;
			compatibilityVersion = "Xcode 3.2";
			developmentRegion = English;
			hasScannedForEncodings = 0;
			knownRegions = (
				en,
				Base,
			);
			mainGroup = F43B2D761A6CFA7F0088B707;
			productRefGroup = F43B2D801A6CFA800088B707 /* Products */;
			projectDirPath = "";
			projectRoot = "";
			targets = (
				F43B2D7E1A6CFA7F0088B707 /* DoodleFun */,
				F43B2D931A6CFA800088B707 /* DoodleFunTests */,
			);
		};
/* End PBXProject section */

/* Begin PBXResourcesBuildPhase section */
		F43B2D7D1A6CFA7F0088B707 /* Resources */ = {
			isa = PBXResourcesBuildPhase;
			buildActionMask = 2147483647;
			files = (
				F43B2D8A1A6CFA800088B707 /* Main.storyboard in Resources */,
				F43B2D8F1A6CFA800088B707 /* LaunchScreen.xib in Resources */,
				F43B2D8C1A6CFA800088B707 /* Images.xcassets in Resources */,
			);
			runOnlyForDeploymentPostprocessing = 0;
		};
		F43B2D921A6CFA800088B707 /* Resources */ = {
			isa = PBXResourcesBuildPhase;
			buildActionMask = 2147483647;
			files = (
			);
			runOnlyForDeploymentPostprocessing = 0;
		};
/* End PBXResourcesBuildPhase section */

/* Begin PBXSourcesBuildPhase section */
		F43B2D7B1A6CFA7F0088B707 /* Sources */ = {
			isa = PBXSourcesBuildPhase;
			buildActionMask = 2147483647;
			files = (
				F43B2D871A6CFA800088B707 /* ViewController.swift in Sources */,
				F43B2D851A6CFA800088B707 /* AppDelegate.swift in Sources */,
			);
			runOnlyForDeploymentPostprocessing = 0;
		};
		F43B2D901A6CFA800088B707 /* Sources */ = {
			isa = PBXSourcesBuildPhase;
			buildActionMask = 2147483647;
			files = (
				F43B2D9B1A6CFA800088B707 /* DoodleFunTests.swift in Sources */,
			);
			runOnlyForDeploymentPostprocessing = 0;
		};
/* End PBXSourcesBuildPhase section */

/* Begin PBXTargetDependency section */
		F43B2D961A6CFA800088B707 /* PBXTargetDependency */ = {
			isa = PBXTargetDependency;
			target = F43B2D7E1A6CFA7F0088B707 /* DoodleFun */;
			targetProxy = F43B2D951A6CFA800088B707 /* PBXContainerItemProxy */;
		};
/* End PBXTargetDependency section */

/* Begin PBXVariantGroup section */
		F43B2D881A6CFA800088B707 /* Main.storyboard */ = {
			isa = PBXVariantGroup;
			children = (
				F43B2D891A6CFA800088B707 /* Base */,
			);
			name = Main.storyboard;
			sourceTree = "<group>";
		};
		F43B2D8D1A6CFA800088B707 /* LaunchScreen.xib */ = {
			isa = PBXVariantGroup;
			children = (
				F43B2D8E1A6CFA800088B707 /* Base */,
			);
			name = LaunchScreen.xib;
			sourceTree = "<group>";
		};
/* End PBXVariantGroup section */

/* Begin XCBuildConfiguration section */
		F43B2D9C1A6CFA800088B707 /* Debug */ = {
			isa = XCBuildConfiguration;
			buildSettings = {
				ALWAYS_SEARCH_USER_PATHS = NO;
				CLANG_CXX_LANGUAGE_STANDARD = "gnu++0x";
				CLANG_CXX_LIBRARY = "libc++";
				CLANG_ENABLE_MODULES = YES;
				CLANG_ENABLE_OBJC_ARC = YES;
				CLANG_WARN_BOOL_CONVERSION = YES;
				CLANG_WARN_CONSTANT_CONVERSION = YES;
				CLANG_WARN_DIRECT_OBJC_ISA_USAGE = YES_ERROR;
				CLANG_WARN_EMPTY_BODY = YES;
				CLANG_WARN_ENUM_CONVERSION = YES;
				CLANG_WARN_INT_CONVERSION = YES;
				CLANG_WARN_OBJC_ROOT_CLASS = YES_ERROR;
				CLANG_WARN_UNREACHABLE_CODE = YES;
				CLANG_WARN__DUPLICATE_METHOD_MATCH = YES;
				"CODE_SIGN_IDENTITY[sdk=iphoneos*]" = "iPhone Developer";
				COPY_PHASE_STRIP = NO;
				ENABLE_STRICT_OBJC_MSGSEND = YES;
				ENABLE_TESTABILITY = YES;
				GCC_C_LANGUAGE_STANDARD = gnu99;
				GCC_DYNAMIC_NO_PIC = NO;
				GCC_OPTIMIZATION_LEVEL = 0;
				GCC_PREPROCESSOR_DEFINITIONS = (
					"DEBUG=1",
					"$(inherited)",
				);
				GCC_SYMBOLS_PRIVATE_EXTERN = NO;
				GCC_WARN_64_TO_32_BIT_CONVERSION = YES;
				GCC_WARN_ABOUT_RETURN_TYPE = YES_ERROR;
				GCC_WARN_UNDECLARED_SELECTOR = YES;
				GCC_WARN_UNINITIALIZED_AUTOS = YES_AGGRESSIVE;
				GCC_WARN_UNUSED_FUNCTION = YES;
				GCC_WARN_UNUSED_VARIABLE = YES;
				IPHONEOS_DEPLOYMENT_TARGET = 8.1;
				MTL_ENABLE_DEBUG_INFO = YES;
				ONLY_ACTIVE_ARCH = YES;
				SDKROOT = iphoneos;
				SWIFT_OPTIMIZATION_LEVEL = "-Onone";
				TARGETED_DEVICE_FAMILY = "1,2";
			};
			name = Debug;
		};
		F43B2D9D1A6CFA800088B707 /* Release */ = {
			isa = XCBuildConfiguration;
			buildSettings = {
				ALWAYS_SEARCH_USER_PATHS = NO;
				CLANG_CXX_LANGUAGE_STANDARD = "gnu++0x";
				CLANG_CXX_LIBRARY = "libc++";
				CLANG_ENABLE_MODULES = YES;
				CLANG_ENABLE_OBJC_ARC = YES;
				CLANG_WARN_BOOL_CONVERSION = YES;
				CLANG_WARN_CONSTANT_CONVERSION = YES;
				CLANG_WARN_DIRECT_OBJC_ISA_USAGE = YES_ERROR;
				CLANG_WARN_EMPTY_BODY = YES;
				CLANG_WARN_ENUM_CONVERSION = YES;
				CLANG_WARN_INT_CONVERSION = YES;
				CLANG_WARN_OBJC_ROOT_CLASS = YES_ERROR;
				CLANG_WARN_UNREACHABLE_CODE = YES;
				CLANG_WARN__DUPLICATE_METHOD_MATCH = YES;
				"CODE_SIGN_IDENTITY[sdk=iphoneos*]" = "iPhone Developer";
				COPY_PHASE_STRIP = YES;
				ENABLE_NS_ASSERTIONS = NO;
				ENABLE_STRICT_OBJC_MSGSEND = YES;
				GCC_C_LANGUAGE_STANDARD = gnu99;
				GCC_WARN_64_TO_32_BIT_CONVERSION = YES;
				GCC_WARN_ABOUT_RETURN_TYPE = YES_ERROR;
				GCC_WARN_UNDECLARED_SELECTOR = YES;
				GCC_WARN_UNINITIALIZED_AUTOS = YES_AGGRESSIVE;
				GCC_WARN_UNUSED_FUNCTION = YES;
				GCC_WARN_UNUSED_VARIABLE = YES;
				IPHONEOS_DEPLOYMENT_TARGET = 8.1;
				MTL_ENABLE_DEBUG_INFO = NO;
				SDKROOT = iphoneos;
				TARGETED_DEVICE_FAMILY = "1,2";
				VALIDATE_PRODUCT = YES;
			};
			name = Release;
		};
		F43B2D9F1A6CFA800088B707 /* Debug */ = {
			isa = XCBuildConfiguration;
			buildSettings = {
				ASSETCATALOG_COMPILER_APPICON_NAME = AppIcon;
				DEVELOPMENT_TEAM = BEWFY96YTG;
				INFOPLIST_FILE = DoodleFun/Info.plist;
				LD_RUNPATH_SEARCH_PATHS = "$(inherited) @executable_path/Frameworks";
				PRODUCT_BUNDLE_IDENTIFIER = me.pi9.DoodleFun;
				PRODUCT_NAME = "$(TARGET_NAME)";
				SWIFT_VERSION = 2.3;
			};
			name = Debug;
		};
		F43B2DA01A6CFA800088B707 /* Release */ = {
			isa = XCBuildConfiguration;
			buildSettings = {
				ASSETCATALOG_COMPILER_APPICON_NAME = AppIcon;
				DEVELOPMENT_TEAM = BEWFY96YTG;
				INFOPLIST_FILE = DoodleFun/Info.plist;
				LD_RUNPATH_SEARCH_PATHS = "$(inherited) @executable_path/Frameworks";
				PRODUCT_BUNDLE_IDENTIFIER = me.pi9.DoodleFun;
				PRODUCT_NAME = "$(TARGET_NAME)";
				SWIFT_VERSION = 2.3;
			};
			name = Release;
		};
		F43B2DA21A6CFA800088B707 /* Debug */ = {
			isa = XCBuildConfiguration;
			buildSettings = {
				BUNDLE_LOADER = "$(TEST_HOST)";
				FRAMEWORK_SEARCH_PATHS = (
					"$(SDKROOT)/Developer/Library/Frameworks",
					"$(inherited)",
				);
				GCC_PREPROCESSOR_DEFINITIONS = (
					"DEBUG=1",
					"$(inherited)",
				);
				INFOPLIST_FILE = DoodleFunTests/Info.plist;
				LD_RUNPATH_SEARCH_PATHS = "$(inherited) @executable_path/Frameworks @loader_path/Frameworks";
				PRODUCT_BUNDLE_IDENTIFIER = "com.appcoda.$(PRODUCT_NAME:rfc1034identifier)";
				PRODUCT_NAME = "$(TARGET_NAME)";
				SWIFT_VERSION = 2.3;
				TEST_HOST = "$(BUILT_PRODUCTS_DIR)/DoodleFun.app/DoodleFun";
			};
			name = Debug;
		};
		F43B2DA31A6CFA800088B707 /* Release */ = {
			isa = XCBuildConfiguration;
			buildSettings = {
				BUNDLE_LOADER = "$(TEST_HOST)";
				FRAMEWORK_SEARCH_PATHS = (
					"$(SDKROOT)/Developer/Library/Frameworks",
					"$(inherited)",
				);
				INFOPLIST_FILE = DoodleFunTests/Info.plist;
				LD_RUNPATH_SEARCH_PATHS = "$(inherited) @executable_path/Frameworks @loader_path/Frameworks";
				PRODUCT_BUNDLE_IDENTIFIER = "com.appcoda.$(PRODUCT_NAME:rfc1034identifier)";
				PRODUCT_NAME = "$(TARGET_NAME)";
				SWIFT_VERSION = 2.3;
				TEST_HOST = "$(BUILT_PRODUCTS_DIR)/DoodleFun.app/DoodleFun";
			};
			name = Release;
		};
/* End XCBuildConfiguration section */

/* Begin XCConfigurationList section */
		F43B2D7A1A6CFA7F0088B707 /* Build configuration list for PBXProject "DoodleFun" */ = {
			isa = XCConfigurationList;
			buildConfigurations = (
				F43B2D9C1A6CFA800088B707 /* Debug */,
				F43B2D9D1A6CFA800088B707 /* Release */,
			);
			defaultConfigurationIsVisible = 0;
			defaultConfigurationName = Release;
		};
		F43B2D9E1A6CFA800088B707 /* Build configuration list for PBXNativeTarget "DoodleFun" */ = {
			isa = XCConfigurationList;
			buildConfigurations = (
				F43B2D9F1A6CFA800088B707 /* Debug */,
				F43B2DA01A6CFA800088B707 /* Release */,
			);
			defaultConfigurationIsVisible = 0;
			defaultConfigurationName = Release;
		};
		F43B2DA11A6CFA800088B707 /* Build configuration list for PBXNativeTarget "DoodleFunTests" */ = {
			isa = XCConfigurationList;
			buildConfigurations = (
				F43B2DA21A6CFA800088B707 /* Debug */,
				F43B2DA31A6CFA800088B707 /* Release */,
			);
			defaultConfigurationIsVisible = 0;
			defaultConfigurationName = Release;
		};
/* End XCConfigurationList section */
	};
	rootObject = F43B2D771A6CFA7F0088B707 /* Project object */;
}
